// !$*UTF8*$!
{
	archiveVersion = 1;
	classes = {
	};
	objectVersion = 77;
	objects = {

/* Begin PBXContainerItemProxy section */
		7F1BE4742DCC7FB600608356 /* PBXContainerItemProxy */ = {
			isa = PBXContainerItemProxy;
			containerPortal = 7F1BE4522DCC7FB200608356 /* Project object */;
			proxyType = 1;
			remoteGlobalIDString = 7F1BE4592DCC7FB200608356;
			remoteInfo = KanliOkeyApp;
		};
		7F1BE47E2DCC7FB600608356 /* PBXContainerItemProxy */ = {
			isa = PBXContainerItemProxy;
			containerPortal = 7F1BE4522DCC7FB200608356 /* Project object */;
			proxyType = 1;
			remoteGlobalIDString = 7F1BE4592DCC7FB200608356;
			remoteInfo = KanliOkeyApp;
		};
/* End PBXContainerItemProxy section */

/* Begin PBXFileReference section */
		7F1BE45A2DCC7FB200608356 /* KanliOkeyApp.app */ = {isa = PBXFileReference; explicitFileType = wrapper.application; includeInIndex = 0; path = KanliOkeyApp.app; sourceTree = BUILT_PRODUCTS_DIR; };
		7F1BE4732DCC7FB600608356 /* KanliOkeyAppTests.xctest */ = {isa = PBXFileReference; explicitFileType = wrapper.cfbundle; includeInIndex = 0; path = KanliOkeyAppTests.xctest; sourceTree = BUILT_PRODUCTS_DIR; };
		7F1BE47D2DCC7FB600608356 /* KanliOkeyAppUITests.xctest */ = {isa = PBXFileReference; explicitFileType = wrapper.cfbundle; includeInIndex = 0; path = KanliOkeyAppUITests.xctest; sourceTree = BUILT_PRODUCTS_DIR; };
/* End PBXFileReference section */

/* Begin PBXFileSystemSynchronizedRootGroup section */
		7F1BE45C2DCC7FB200608356 /* KanliOkeyApp */ = {
			isa = PBXFileSystemSynchronizedRootGroup;
			path = KanliOkeyApp;
			sourceTree = "<group>";
		};
		7F1BE4762DCC7FB600608356 /* KanliOkeyAppTests */ = {
			isa = PBXFileSystemSynchronizedRootGroup;
			path = KanliOkeyAppTests;
			sourceTree = "<group>";
		};
		7F1BE4802DCC7FB600608356 /* KanliOkeyAppUITests */ = {
			isa = PBXFileSystemSynchronizedRootGroup;
			path = KanliOkeyAppUITests;
			sourceTree = "<group>";
		};
/* End PBXFileSystemSynchronizedRootGroup section */

/* Begin PBXFrameworksBuildPhase section */
		7F1BE4572DCC7FB200608356 /* Frameworks */ = {
			isa = PBXFrameworksBuildPhase;
			buildActionMask = 2147483647;
			files = (
			);
			runOnlyForDeploymentPostprocessing = 0;
		};
		7F1BE4702DCC7FB600608356 /* Frameworks */ = {
			isa = PBXFrameworksBuildPhase;
			buildActionMask = 2147483647;
			files = (
			);
			runOnlyForDeploymentPostprocessing = 0;
		};
		7F1BE47A2DCC7FB600608356 /* Frameworks */ = {
			isa = PBXFrameworksBuildPhase;
			buildActionMask = 2147483647;
			files = (
			);
			runOnlyForDeploymentPostprocessing = 0;
		};
/* End PBXFrameworksBuildPhase section */

/* Begin PBXGroup section */
		7F1BE4512DCC7FB200608356 = {
			isa = PBXGroup;
			children = (
				7F1BE45C2DCC7FB200608356 /* KanliOkeyApp */,
				7F1BE4762DCC7FB600608356 /* KanliOkeyAppTests */,
				7F1BE4802DCC7FB600608356 /* KanliOkeyAppUITests */,
				7F1BE45B2DCC7FB200608356 /* Products */,
			);
			sourceTree = "<group>";
		};
		7F1BE45B2DCC7FB200608356 /* Products */ = {
			isa = PBXGroup;
			children = (
				7F1BE45A2DCC7FB200608356 /* KanliOkeyApp.app */,
				7F1BE4732DCC7FB600608356 /* KanliOkeyAppTests.xctest */,
				7F1BE47D2DCC7FB600608356 /* KanliOkeyAppUITests.xctest */,
			);
			name = Products;
			sourceTree = "<group>";
		};
/* End PBXGroup section */

/* Begin PBXNativeTarget section */
		7F1BE4592DCC7FB200608356 /* KanliOkeyApp */ = {
			isa = PBXNativeTarget;
			buildConfigurationList = 7F1BE4872DCC7FB600608356 /* Build configuration list for PBXNativeTarget "KanliOkeyApp" */;
			buildPhases = (
				7F1BE4562DCC7FB200608356 /* Sources */,
				7F1BE4572DCC7FB200608356 /* Frameworks */,
				7F1BE4582DCC7FB200608356 /* Resources */,
			);
			buildRules = (
			);
			dependencies = (
			);
			fileSystemSynchronizedGroups = (
				7F1BE45C2DCC7FB200608356 /* KanliOkeyApp */,
			);
			name = KanliOkeyApp;
			packageProductDependencies = (
			);
			productName = KanliOkeyApp;
			productReference = 7F1BE45A2DCC7FB200608356 /* KanliOkeyApp.app */;
			productType = "com.apple.product-type.application";
		};
		7F1BE4722DCC7FB600608356 /* KanliOkeyAppTests */ = {
			isa = PBXNativeTarget;
			buildConfigurationList = 7F1BE48A2DCC7FB600608356 /* Build configuration list for PBXNativeTarget "KanliOkeyAppTests" */;
			buildPhases = (
				7F1BE46F2DCC7FB600608356 /* Sources */,
				7F1BE4702DCC7FB600608356 /* Frameworks */,
				7F1BE4712DCC7FB600608356 /* Resources */,
			);
			buildRules = (
			);
			dependencies = (
				7F1BE4752DCC7FB600608356 /* PBXTargetDependency */,
			);
			fileSystemSynchronizedGroups = (
				7F1BE4762DCC7FB600608356 /* KanliOkeyAppTests */,
			);
			name = KanliOkeyAppTests;
			packageProductDependencies = (
			);
			productName = KanliOkeyAppTests;
			productReference = 7F1BE4732DCC7FB600608356 /* KanliOkeyAppTests.xctest */;
			productType = "com.apple.product-type.bundle.unit-test";
		};
		7F1BE47C2DCC7FB600608356 /* KanliOkeyAppUITests */ = {
			isa = PBXNativeTarget;
			buildConfigurationList = 7F1BE48D2DCC7FB600608356 /* Build configuration list for PBXNativeTarget "KanliOkeyAppUITests" */;
			buildPhases = (
				7F1BE4792DCC7FB600608356 /* Sources */,
				7F1BE47A2DCC7FB600608356 /* Frameworks */,
				7F1BE47B2DCC7FB600608356 /* Resources */,
			);
			buildRules = (
			);
			dependencies = (
				7F1BE47F2DCC7FB600608356 /* PBXTargetDependency */,
			);
			fileSystemSynchronizedGroups = (
				7F1BE4802DCC7FB600608356 /* KanliOkeyAppUITests */,
			);
			name = KanliOkeyAppUITests;
			packageProductDependencies = (
			);
			productName = KanliOkeyAppUITests;
			productReference = 7F1BE47D2DCC7FB600608356 /* KanliOkeyAppUITests.xctest */;
			productType = "com.apple.product-type.bundle.ui-testing";
		};
/* End PBXNativeTarget section */

/* Begin PBXProject section */
		7F1BE4522DCC7FB200608356 /* Project object */ = {
			isa = PBXProject;
			attributes = {
				BuildIndependentTargetsInParallel = 1;
				LastSwiftUpdateCheck = 1630;
				LastUpgradeCheck = 1630;
				TargetAttributes = {
					7F1BE4592DCC7FB200608356 = {
						CreatedOnToolsVersion = 16.3;
					};
					7F1BE4722DCC7FB600608356 = {
						CreatedOnToolsVersion = 16.3;
						TestTargetID = 7F1BE4592DCC7FB200608356;
					};
					7F1BE47C2DCC7FB600608356 = {
						CreatedOnToolsVersion = 16.3;
						TestTargetID = 7F1BE4592DCC7FB200608356;
					};
				};
			};
			buildConfigurationList = 7F1BE4552DCC7FB200608356 /* Build configuration list for PBXProject "KanliOkeyApp" */;
			developmentRegion = en;
			hasScannedForEncodings = 0;
			knownRegions = (
				en,
				Base,
			);
			mainGroup = 7F1BE4512DCC7FB200608356;
			minimizedProjectReferenceProxies = 1;
			preferredProjectObjectVersion = 77;
			productRefGroup = 7F1BE45B2DCC7FB200608356 /* Products */;
			projectDirPath = "";
			projectRoot = "";
			targets = (
				7F1BE4592DCC7FB200608356 /* KanliOkeyApp */,
				7F1BE4722DCC7FB600608356 /* KanliOkeyAppTests */,
				7F1BE47C2DCC7FB600608356 /* KanliOkeyAppUITests */,
			);
		};
/* End PBXProject section */

/* Begin PBXResourcesBuildPhase section */
		7F1BE4582DCC7FB200608356 /* Resources */ = {
			isa = PBXResourcesBuildPhase;
			buildActionMask = 2147483647;
			files = (
			);
			runOnlyForDeploymentPostprocessing = 0;
		};
		7F1BE4712DCC7FB600608356 /* Resources */ = {
			isa = PBXResourcesBuildPhase;
			buildActionMask = 2147483647;
			files = (
			);
			runOnlyForDeploymentPostprocessing = 0;
		};
		7F1BE47B2DCC7FB600608356 /* Resources */ = {
			isa = PBXResourcesBuildPhase;
			buildActionMask = 2147483647;
			files = (
			);
			runOnlyForDeploymentPostprocessing = 0;
		};
/* End PBXResourcesBuildPhase section */

/* Begin PBXSourcesBuildPhase section */
		7F1BE4562DCC7FB200608356 /* Sources */ = {
			isa = PBXSourcesBuildPhase;
			buildActionMask = 2147483647;
			files = (
			);
			runOnlyForDeploymentPostprocessing = 0;
		};
		7F1BE46F2DCC7FB600608356 /* Sources */ = {
			isa = PBXSourcesBuildPhase;
			buildActionMask = 2147483647;
			files = (
			);
			runOnlyForDeploymentPostprocessing = 0;
		};
		7F1BE4792DCC7FB600608356 /* Sources */ = {
			isa = PBXSourcesBuildPhase;
			buildActionMask = 2147483647;
			files = (
			);
			runOnlyForDeploymentPostprocessing = 0;
		};
/* End PBXSourcesBuildPhase section */

/* Begin PBXTargetDependency section */
		7F1BE4752DCC7FB600608356 /* PBXTargetDependency */ = {
			isa = PBXTargetDependency;
			target = 7F1BE4592DCC7FB200608356 /* KanliOkeyApp */;
			targetProxy = 7F1BE4742DCC7FB600608356 /* PBXContainerItemProxy */;
		};
		7F1BE47F2DCC7FB600608356 /* PBXTargetDependency */ = {
			isa = PBXTargetDependency;
			target = 7F1BE4592DCC7FB200608356 /* KanliOkeyApp */;
			targetProxy = 7F1BE47E2DCC7FB600608356 /* PBXContainerItemProxy */;
		};
/* End PBXTargetDependency section */

/* Begin XCBuildConfiguration section */
		7F1BE4852DCC7FB600608356 /* Debug */ = {
			isa = XCBuildConfiguration;
			buildSettings = {
				ALWAYS_SEARCH_USER_PATHS = NO;
				ASSETCATALOG_COMPILER_GENERATE_SWIFT_ASSET_SYMBOL_EXTENSIONS = YES;
				CLANG_ANALYZER_NONNULL = YES;
				CLANG_ANALYZER_NUMBER_OBJECT_CONVERSION = YES_AGGRESSIVE;
				CLANG_CXX_LANGUAGE_STANDARD = "gnu++20";
				CLANG_ENABLE_MODULES = YES;
				CLANG_ENABLE_OBJC_ARC = YES;
				CLANG_ENABLE_OBJC_WEAK = YES;
				CLANG_WARN_BLOCK_CAPTURE_AUTORELEASING = YES;
				CLANG_WARN_BOOL_CONVERSION = YES;
				CLANG_WARN_COMMA = YES;
				CLANG_WARN_CONSTANT_CONVERSION = YES;
				CLANG_WARN_DEPRECATED_OBJC_IMPLEMENTATIONS = YES;
				CLANG_WARN_DIRECT_OBJC_ISA_USAGE = YES_ERROR;
				CLANG_WARN_DOCUMENTATION_COMMENTS = YES;
				CLANG_WARN_EMPTY_BODY = YES;
				CLANG_WARN_ENUM_CONVERSION = YES;
				CLANG_WARN_INFINITE_RECURSION = YES;
				CLANG_WARN_INT_CONVERSION = YES;
				CLANG_WARN_NON_LITERAL_NULL_CONVERSION = YES;
				CLANG_WARN_OBJC_IMPLICIT_RETAIN_SELF = YES;
				CLANG_WARN_OBJC_LITERAL_CONVERSION = YES;
				CLANG_WARN_OBJC_ROOT_CLASS = YES_ERROR;
				CLANG_WARN_QUOTED_INCLUDE_IN_FRAMEWORK_HEADER = YES;
				CLANG_WARN_RANGE_LOOP_ANALYSIS = YES;
				CLANG_WARN_STRICT_PROTOTYPES = YES;
				CLANG_WARN_SUSPICIOUS_MOVE = YES;
				CLANG_WARN_UNGUARDED_AVAILABILITY = YES_AGGRESSIVE;
				CLANG_WARN_UNREACHABLE_CODE = YES;
				CLANG_WARN__DUPLICATE_METHOD_MATCH = YES;
				COPY_PHASE_STRIP = NO;
				DEBUG_INFORMATION_FORMAT = dwarf;
				DEVELOPMENT_TEAM = 9R7ZX8KUJT;
				ENABLE_STRICT_OBJC_MSGSEND = YES;
				ENABLE_TESTABILITY = YES;
				ENABLE_USER_SCRIPT_SANDBOXING = YES;
				GCC_C_LANGUAGE_STANDARD = gnu17;
				GCC_DYNAMIC_NO_PIC = NO;
				GCC_NO_COMMON_BLOCKS = YES;
				GCC_OPTIMIZATION_LEVEL = 0;
				GCC_PREPROCESSOR_DEFINITIONS = (
					"DEBUG=1",
					"$(inherited)",
				);
				GCC_WARN_64_TO_32_BIT_CONVERSION = YES;
				GCC_WARN_ABOUT_RETURN_TYPE = YES_ERROR;
				GCC_WARN_UNDECLARED_SELECTOR = YES;
				GCC_WARN_UNINITIALIZED_AUTOS = YES_AGGRESSIVE;
				GCC_WARN_UNUSED_FUNCTION = YES;
				GCC_WARN_UNUSED_VARIABLE = YES;
				IPHONEOS_DEPLOYMENT_TARGET = 18.4;
				LOCALIZATION_PREFERS_STRING_CATALOGS = YES;
				MTL_ENABLE_DEBUG_INFO = INCLUDE_SOURCE;
				MTL_FAST_MATH = YES;
				ONLY_ACTIVE_ARCH = YES;
				SDKROOT = iphoneos;
				SWIFT_ACTIVE_COMPILATION_CONDITIONS = "DEBUG $(inherited)";
				SWIFT_OPTIMIZATION_LEVEL = "-Onone";
			};
			name = Debug;
		};
		7F1BE4862DCC7FB600608356 /* Release */ = {
			isa = XCBuildConfiguration;
			buildSettings = {
				ALWAYS_SEARCH_USER_PATHS = NO;
				ASSETCATALOG_COMPILER_GENERATE_SWIFT_ASSET_SYMBOL_EXTENSIONS = YES;
				CLANG_ANALYZER_NONNULL = YES;
				CLANG_ANALYZER_NUMBER_OBJECT_CONVERSION = YES_AGGRESSIVE;
				CLANG_CXX_LANGUAGE_STANDARD = "gnu++20";
				CLANG_ENABLE_MODULES = YES;
				CLANG_ENABLE_OBJC_ARC = YES;
				CLANG_ENABLE_OBJC_WEAK = YES;
				CLANG_WARN_BLOCK_CAPTURE_AUTORELEASING = YES;
				CLANG_WARN_BOOL_CONVERSION = YES;
				CLANG_WARN_COMMA = YES;
				CLANG_WARN_CONSTANT_CONVERSION = YES;
				CLANG_WARN_DEPRECATED_OBJC_IMPLEMENTATIONS = YES;
				CLANG_WARN_DIRECT_OBJC_ISA_USAGE = YES_ERROR;
				CLANG_WARN_DOCUMENTATION_COMMENTS = YES;
				CLANG_WARN_EMPTY_BODY = YES;
				CLANG_WARN_ENUM_CONVERSION = YES;
				CLANG_WARN_INFINITE_RECURSION = YES;
				CLANG_WARN_INT_CONVERSION = YES;
				CLANG_WARN_NON_LITERAL_NULL_CONVERSION = YES;
				CLANG_WARN_OBJC_IMPLICIT_RETAIN_SELF = YES;
				CLANG_WARN_OBJC_LITERAL_CONVERSION = YES;
				CLANG_WARN_OBJC_ROOT_CLASS = YES_ERROR;
				CLANG_WARN_QUOTED_INCLUDE_IN_FRAMEWORK_HEADER = YES;
				CLANG_WARN_RANGE_LOOP_ANALYSIS = YES;
				CLANG_WARN_STRICT_PROTOTYPES = YES;
				CLANG_WARN_SUSPICIOUS_MOVE = YES;
				CLANG_WARN_UNGUARDED_AVAILABILITY = YES_AGGRESSIVE;
				CLANG_WARN_UNREACHABLE_CODE = YES;
				CLANG_WARN__DUPLICATE_METHOD_MATCH = YES;
				COPY_PHASE_STRIP = NO;
				DEBUG_INFORMATION_FORMAT = "dwarf-with-dsym";
				DEVELOPMENT_TEAM = 9R7ZX8KUJT;
				ENABLE_NS_ASSERTIONS = NO;
				ENABLE_STRICT_OBJC_MSGSEND = YES;
				ENABLE_USER_SCRIPT_SANDBOXING = YES;
				GCC_C_LANGUAGE_STANDARD = gnu17;
				GCC_NO_COMMON_BLOCKS = YES;
				GCC_WARN_64_TO_32_BIT_CONVERSION = YES;
				GCC_WARN_ABOUT_RETURN_TYPE = YES_ERROR;
				GCC_WARN_UNDECLARED_SELECTOR = YES;
				GCC_WARN_UNINITIALIZED_AUTOS = YES_AGGRESSIVE;
				GCC_WARN_UNUSED_FUNCTION = YES;
				GCC_WARN_UNUSED_VARIABLE = YES;
				IPHONEOS_DEPLOYMENT_TARGET = 18.4;
				LOCALIZATION_PREFERS_STRING_CATALOGS = YES;
				MTL_ENABLE_DEBUG_INFO = NO;
				MTL_FAST_MATH = YES;
				SDKROOT = iphoneos;
				SWIFT_COMPILATION_MODE = wholemodule;
				VALIDATE_PRODUCT = YES;
			};
			name = Release;
		};
		7F1BE4882DCC7FB600608356 /* Debug */ = {
			isa = XCBuildConfiguration;
			buildSettings = {
				ASSETCATALOG_COMPILER_APPICON_NAME = AppIcon;
				ASSETCATALOG_COMPILER_GLOBAL_ACCENT_COLOR_NAME = AccentColor;
				CODE_SIGN_STYLE = Automatic;
				CURRENT_PROJECT_VERSION = 1;
				DEVELOPMENT_TEAM = 9R7ZX8KUJT;
				GENERATE_INFOPLIST_FILE = YES;
				INFOPLIST_KEY_UIApplicationSupportsIndirectInputEvents = YES;
				INFOPLIST_KEY_UILaunchStoryboardName = LaunchScreen;
				INFOPLIST_KEY_UIMainStoryboardFile = Main;
				INFOPLIST_KEY_UIStatusBarHidden = YES;
				INFOPLIST_KEY_UISupportedInterfaceOrientations_iPad = "UIInterfaceOrientationPortrait UIInterfaceOrientationPortraitUpsideDown UIInterfaceOrientationLandscapeLeft UIInterfaceOrientationLandscapeRight";
				INFOPLIST_KEY_UISupportedInterfaceOrientations_iPhone = "UIInterfaceOrientationPortrait UIInterfaceOrientationLandscapeLeft UIInterfaceOrientationLandscapeRight";
				LD_RUNPATH_SEARCH_PATHS = (
					"$(inherited)",
					"@executable_path/Frameworks",
				);
				MARKETING_VERSION = 1.0;
				PRODUCT_BUNDLE_IDENTIFIER = com.safakyaral.KanliOkeyApp;
				PRODUCT_NAME = "$(TARGET_NAME)";
				SWIFT_EMIT_LOC_STRINGS = YES;
				SWIFT_VERSION = 5.0;
				TARGETED_DEVICE_FAMILY = "1,2";
			};
			name = Debug;
		};
		7F1BE4892DCC7FB600608356 /* Release */ = {
			isa = XCBuildConfiguration;
			buildSettings = {
				ASSETCATALOG_COMPILER_APPICON_NAME = AppIcon;
				ASSETCATALOG_COMPILER_GLOBAL_ACCENT_COLOR_NAME = AccentColor;
				CODE_SIGN_STYLE = Automatic;
				CURRENT_PROJECT_VERSION = 1;
				DEVELOPMENT_TEAM = 9R7ZX8KUJT;
				GENERATE_INFOPLIST_FILE = YES;
				INFOPLIST_KEY_UIApplicationSupportsIndirectInputEvents = YES;
				INFOPLIST_KEY_UILaunchStoryboardName = LaunchScreen;
				INFOPLIST_KEY_UIMainStoryboardFile = Main;
				INFOPLIST_KEY_UIStatusBarHidden = YES;
				INFOPLIST_KEY_UISupportedInterfaceOrientations_iPad = "UIInterfaceOrientationPortrait UIInterfaceOrientationPortraitUpsideDown UIInterfaceOrientationLandscapeLeft UIInterfaceOrientationLandscapeRight";
				INFOPLIST_KEY_UISupportedInterfaceOrientations_iPhone = "UIInterfaceOrientationPortrait UIInterfaceOrientationLandscapeLeft UIInterfaceOrientationLandscapeRight";
				LD_RUNPATH_SEARCH_PATHS = (
					"$(inherited)",
					"@executable_path/Frameworks",
				);
				MARKETING_VERSION = 1.0;
				PRODUCT_BUNDLE_IDENTIFIER = com.safakyaral.KanliOkeyApp;
				PRODUCT_NAME = "$(TARGET_NAME)";
				SWIFT_EMIT_LOC_STRINGS = YES;
				SWIFT_VERSION = 5.0;
				TARGETED_DEVICE_FAMILY = "1,2";
			};
			name = Release;
		};
		7F1BE48B2DCC7FB600608356 /* Debug */ = {
			isa = XCBuildConfiguration;
			buildSettings = {
				BUNDLE_LOADER = "$(TEST_HOST)";
				CODE_SIGN_STYLE = Automatic;
				CURRENT_PROJECT_VERSION = 1;
				DEVELOPMENT_TEAM = 9R7ZX8KUJT;
				GENERATE_INFOPLIST_FILE = YES;
				IPHONEOS_DEPLOYMENT_TARGET = 18.4;
				MARKETING_VERSION = 1.0;
				PRODUCT_BUNDLE_IDENTIFIER = com.safakyaral.KanliOkeyAppTests;
				PRODUCT_NAME = "$(TARGET_NAME)";
				SWIFT_EMIT_LOC_STRINGS = NO;
				SWIFT_VERSION = 5.0;
				TARGETED_DEVICE_FAMILY = "1,2";
				TEST_HOST = "$(BUILT_PRODUCTS_DIR)/KanliOkeyApp.app/$(BUNDLE_EXECUTABLE_FOLDER_PATH)/KanliOkeyApp";
			};
			name = Debug;
		};
		7F1BE48C2DCC7FB600608356 /* Release */ = {
			isa = XCBuildConfiguration;
			buildSettings = {
				BUNDLE_LOADER = "$(TEST_HOST)";
				CODE_SIGN_STYLE = Automatic;
				CURRENT_PROJECT_VERSION = 1;
				DEVELOPMENT_TEAM = 9R7ZX8KUJT;
				GENERATE_INFOPLIST_FILE = YES;
				IPHONEOS_DEPLOYMENT_TARGET = 18.4;
				MARKETING_VERSION = 1.0;
				PRODUCT_BUNDLE_IDENTIFIER = com.safakyaral.KanliOkeyAppTests;
				PRODUCT_NAME = "$(TARGET_NAME)";
				SWIFT_EMIT_LOC_STRINGS = NO;
				SWIFT_VERSION = 5.0;
				TARGETED_DEVICE_FAMILY = "1,2";
				TEST_HOST = "$(BUILT_PRODUCTS_DIR)/KanliOkeyApp.app/$(BUNDLE_EXECUTABLE_FOLDER_PATH)/KanliOkeyApp";
			};
			name = Release;
		};
		7F1BE48E2DCC7FB600608356 /* Debug */ = {
			isa = XCBuildConfiguration;
			buildSettings = {
				CODE_SIGN_STYLE = Automatic;
				CURRENT_PROJECT_VERSION = 1;
				DEVELOPMENT_TEAM = 9R7ZX8KUJT;
				GENERATE_INFOPLIST_FILE = YES;
				MARKETING_VERSION = 1.0;
				PRODUCT_BUNDLE_IDENTIFIER = com.safakyaral.KanliOkeyAppUITests;
				PRODUCT_NAME = "$(TARGET_NAME)";
				SWIFT_EMIT_LOC_STRINGS = NO;
				SWIFT_VERSION = 5.0;
				TARGETED_DEVICE_FAMILY = "1,2";
				TEST_TARGET_NAME = KanliOkeyApp;
			};
			name = Debug;
		};
		7F1BE48F2DCC7FB600608356 /* Release */ = {
			isa = XCBuildConfiguration;
			buildSettings = {
				CODE_SIGN_STYLE = Automatic;
				CURRENT_PROJECT_VERSION = 1;
				DEVELOPMENT_TEAM = 9R7ZX8KUJT;
				GENERATE_INFOPLIST_FILE = YES;
				MARKETING_VERSION = 1.0;
				PRODUCT_BUNDLE_IDENTIFIER = com.safakyaral.KanliOkeyAppUITests;
				PRODUCT_NAME = "$(TARGET_NAME)";
				SWIFT_EMIT_LOC_STRINGS = NO;
				SWIFT_VERSION = 5.0;
				TARGETED_DEVICE_FAMILY = "1,2";
				TEST_TARGET_NAME = KanliOkeyApp;
			};
			name = Release;
		};
/* End XCBuildConfiguration section */

/* Begin XCConfigurationList section */
		7F1BE4552DCC7FB200608356 /* Build configuration list for PBXProject "KanliOkeyApp" */ = {
			isa = XCConfigurationList;
			buildConfigurations = (
				7F1BE4852DCC7FB600608356 /* Debug */,
				7F1BE4862DCC7FB600608356 /* Release */,
			);
			defaultConfigurationIsVisible = 0;
			defaultConfigurationName = Release;
		};
		7F1BE4872DCC7FB600608356 /* Build configuration list for PBXNativeTarget "KanliOkeyApp" */ = {
			isa = XCConfigurationList;
			buildConfigurations = (
				7F1BE4882DCC7FB600608356 /* Debug */,
				7F1BE4892DCC7FB600608356 /* Release */,
			);
			defaultConfigurationIsVisible = 0;
			defaultConfigurationName = Release;
		};
		7F1BE48A2DCC7FB600608356 /* Build configuration list for PBXNativeTarget "KanliOkeyAppTests" */ = {
			isa = XCConfigurationList;
			buildConfigurations = (
				7F1BE48B2DCC7FB600608356 /* Debug */,
				7F1BE48C2DCC7FB600608356 /* Release */,
			);
			defaultConfigurationIsVisible = 0;
			defaultConfigurationName = Release;
		};
		7F1BE48D2DCC7FB600608356 /* Build configuration list for PBXNativeTarget "KanliOkeyAppUITests" */ = {
			isa = XCConfigurationList;
			buildConfigurations = (
				7F1BE48E2DCC7FB600608356 /* Debug */,
				7F1BE48F2DCC7FB600608356 /* Release */,
			);
			defaultConfigurationIsVisible = 0;
			defaultConfigurationName = Release;
		};
/* End XCConfigurationList section */
	};
	rootObject = 7F1BE4522DCC7FB200608356 /* Project object */;
}
